// !$*UTF8*$!
{
	archiveVersion = 1;
	classes = {
	};
	objectVersion = 50;
	objects = {

/* Begin PBXBuildFile section */
		A07B435C20AE064500F0F945 /* AppDelegate.swift in Sources */ = {isa = PBXBuildFile; fileRef = A07B435B20AE064500F0F945 /* AppDelegate.swift */; };
		A07B435E20AE064500F0F945 /* DispatcherViewController.swift in Sources */ = {isa = PBXBuildFile; fileRef = A07B435D20AE064500F0F945 /* DispatcherViewController.swift */; };
		A07B436120AE064500F0F945 /* Main.storyboard in Resources */ = {isa = PBXBuildFile; fileRef = A07B435F20AE064500F0F945 /* Main.storyboard */; };
		A07B436320AE064800F0F945 /* Assets.xcassets in Resources */ = {isa = PBXBuildFile; fileRef = A07B436220AE064800F0F945 /* Assets.xcassets */; };
		A07B436620AE064800F0F945 /* LaunchScreen.storyboard in Resources */ = {isa = PBXBuildFile; fileRef = A07B436420AE064800F0F945 /* LaunchScreen.storyboard */; };
		A07B436E20AE16C600F0F945 /* SecondScreenViewController.swift in Sources */ = {isa = PBXBuildFile; fileRef = A07B436D20AE16C600F0F945 /* SecondScreenViewController.swift */; };
/* End PBXBuildFile section */

/* Begin PBXFileReference section */
		A07B435820AE064500F0F945 /* Dispatcher.app */ = {isa = PBXFileReference; explicitFileType = wrapper.application; includeInIndex = 0; path = Dispatcher.app; sourceTree = BUILT_PRODUCTS_DIR; };
		A07B435B20AE064500F0F945 /* AppDelegate.swift */ = {isa = PBXFileReference; lastKnownFileType = sourcecode.swift; path = AppDelegate.swift; sourceTree = "<group>"; };
		A07B435D20AE064500F0F945 /* DispatcherViewController.swift */ = {isa = PBXFileReference; lastKnownFileType = sourcecode.swift; path = DispatcherViewController.swift; sourceTree = "<group>"; };
		A07B436020AE064500F0F945 /* Base */ = {isa = PBXFileReference; lastKnownFileType = file.storyboard; name = Base; path = Base.lproj/Main.storyboard; sourceTree = "<group>"; };
		A07B436220AE064800F0F945 /* Assets.xcassets */ = {isa = PBXFileReference; lastKnownFileType = folder.assetcatalog; path = Assets.xcassets; sourceTree = "<group>"; };
		A07B436520AE064800F0F945 /* Base */ = {isa = PBXFileReference; lastKnownFileType = file.storyboard; name = Base; path = Base.lproj/LaunchScreen.storyboard; sourceTree = "<group>"; };
		A07B436720AE064800F0F945 /* Info.plist */ = {isa = PBXFileReference; lastKnownFileType = text.plist.xml; path = Info.plist; sourceTree = "<group>"; };
		A07B436D20AE16C600F0F945 /* SecondScreenViewController.swift */ = {isa = PBXFileReference; lastKnownFileType = sourcecode.swift; path = SecondScreenViewController.swift; sourceTree = "<group>"; };
/* End PBXFileReference section */

/* Begin PBXFrameworksBuildPhase section */
		A07B435520AE064500F0F945 /* Frameworks */ = {
			isa = PBXFrameworksBuildPhase;
			buildActionMask = 2147483647;
			files = (
			);
			runOnlyForDeploymentPostprocessing = 0;
		};
/* End PBXFrameworksBuildPhase section */

/* Begin PBXGroup section */
		A07B434F20AE064500F0F945 = {
			isa = PBXGroup;
			children = (
				A07B435A20AE064500F0F945 /* Dispatcher */,
				A07B435920AE064500F0F945 /* Products */,
			);
			sourceTree = "<group>";
		};
		A07B435920AE064500F0F945 /* Products */ = {
			isa = PBXGroup;
			children = (
				A07B435820AE064500F0F945 /* Dispatcher.app */,
			);
			name = Products;
			sourceTree = "<group>";
		};
		A07B435A20AE064500F0F945 /* Dispatcher */ = {
			isa = PBXGroup;
			children = (
				A07B435B20AE064500F0F945 /* AppDelegate.swift */,
				A07B435D20AE064500F0F945 /* DispatcherViewController.swift */,
				A07B436D20AE16C600F0F945 /* SecondScreenViewController.swift */,
				A07B435F20AE064500F0F945 /* Main.storyboard */,
				A07B436220AE064800F0F945 /* Assets.xcassets */,
				A07B436420AE064800F0F945 /* LaunchScreen.storyboard */,
				A07B436720AE064800F0F945 /* Info.plist */,
			);
			path = Dispatcher;
			sourceTree = "<group>";
		};
/* End PBXGroup section */

/* Begin PBXNativeTarget section */
		A07B435720AE064500F0F945 /* Dispatcher */ = {
			isa = PBXNativeTarget;
			buildConfigurationList = A07B436A20AE064800F0F945 /* Build configuration list for PBXNativeTarget "Dispatcher" */;
			buildPhases = (
				A07B435420AE064500F0F945 /* Sources */,
				A07B435520AE064500F0F945 /* Frameworks */,
				A07B435620AE064500F0F945 /* Resources */,
			);
			buildRules = (
			);
			dependencies = (
			);
			name = Dispatcher;
			productName = Dispatcher;
			productReference = A07B435820AE064500F0F945 /* Dispatcher.app */;
			productType = "com.apple.product-type.application";
		};
/* End PBXNativeTarget section */

/* Begin PBXProject section */
		A07B435020AE064500F0F945 /* Project object */ = {
			isa = PBXProject;
			attributes = {
				LastSwiftUpdateCheck = 0930;
				LastUpgradeCheck = 0930;
				ORGANIZATIONNAME = Yellowme;
				TargetAttributes = {
					A07B435720AE064500F0F945 = {
						CreatedOnToolsVersion = 9.3.1;
					};
				};
			};
			buildConfigurationList = A07B435320AE064500F0F945 /* Build configuration list for PBXProject "Dispatcher" */;
			compatibilityVersion = "Xcode 9.3";
			developmentRegion = en;
			hasScannedForEncodings = 0;
			knownRegions = (
				en,
				Base,
			);
			mainGroup = A07B434F20AE064500F0F945;
			productRefGroup = A07B435920AE064500F0F945 /* Products */;
			projectDirPath = "";
			projectRoot = "";
			targets = (
				A07B435720AE064500F0F945 /* Dispatcher */,
			);
		};
/* End PBXProject section */

/* Begin PBXResourcesBuildPhase section */
		A07B435620AE064500F0F945 /* Resources */ = {
			isa = PBXResourcesBuildPhase;
			buildActionMask = 2147483647;
			files = (
				A07B436620AE064800F0F945 /* LaunchScreen.storyboard in Resources */,
				A07B436320AE064800F0F945 /* Assets.xcassets in Resources */,
				A07B436120AE064500F0F945 /* Main.storyboard in Resources */,
			);
			runOnlyForDeploymentPostprocessing = 0;
		};
/* End PBXResourcesBuildPhase section */

/* Begin PBXSourcesBuildPhase section */
		A07B435420AE064500F0F945 /* Sources */ = {
			isa = PBXSourcesBuildPhase;
			buildActionMask = 2147483647;
			files = (
				A07B436E20AE16C600F0F945 /* SecondScreenViewController.swift in Sources */,
				A07B435E20AE064500F0F945 /* DispatcherViewController.swift in Sources */,
				A07B435C20AE064500F0F945 /* AppDelegate.swift in Sources */,
			);
			runOnlyForDeploymentPostprocessing = 0;
		};
/* End PBXSourcesBuildPhase section */

/* Begin PBXVariantGroup section */
		A07B435F20AE064500F0F945 /* Main.storyboard */ = {
			isa = PBXVariantGroup;
			children = (
				A07B436020AE064500F0F945 /* Base */,
			);
			name = Main.storyboard;
			sourceTree = "<group>";
		};
		A07B436420AE064800F0F945 /* LaunchScreen.storyboard */ = {
			isa = PBXVariantGroup;
			children = (
				A07B436520AE064800F0F945 /* Base */,
			);
			name = LaunchScreen.storyboard;
			sourceTree = "<group>";
		};
/* End PBXVariantGroup section */

/* Begin XCBuildConfiguration section */
		A07B436820AE064800F0F945 /* Debug */ = {
			isa = XCBuildConfiguration;
			buildSettings = {
				ALWAYS_SEARCH_USER_PATHS = NO;
				CLANG_ANALYZER_NONNULL = YES;
				CLANG_ANALYZER_NUMBER_OBJECT_CONVERSION = YES_AGGRESSIVE;
				CLANG_CXX_LANGUAGE_STANDARD = "gnu++14";
				CLANG_CXX_LIBRARY = "libc++";
				CLANG_ENABLE_MODULES = YES;
				CLANG_ENABLE_OBJC_ARC = YES;
				CLANG_ENABLE_OBJC_WEAK = YES;
				CLANG_WARN_BLOCK_CAPTURE_AUTORELEASING = YES;
				CLANG_WARN_BOOL_CONVERSION = YES;
				CLANG_WARN_COMMA = YES;
				CLANG_WARN_CONSTANT_CONVERSION = YES;
				CLANG_WARN_DEPRECATED_OBJC_IMPLEMENTATIONS = YES;
				CLANG_WARN_DIRECT_OBJC_ISA_USAGE = YES_ERROR;
				CLANG_WARN_DOCUMENTATION_COMMENTS = YES;
				CLANG_WARN_EMPTY_BODY = YES;
				CLANG_WARN_ENUM_CONVERSION = YES;
				CLANG_WARN_INFINITE_RECURSION = YES;
				CLANG_WARN_INT_CONVERSION = YES;
				CLANG_WARN_NON_LITERAL_NULL_CONVERSION = YES;
				CLANG_WARN_OBJC_IMPLICIT_RETAIN_SELF = YES;
				CLANG_WARN_OBJC_LITERAL_CONVERSION = YES;
				CLANG_WARN_OBJC_ROOT_CLASS = YES_ERROR;
				CLANG_WARN_RANGE_LOOP_ANALYSIS = YES;
				CLANG_WARN_STRICT_PROTOTYPES = YES;
				CLANG_WARN_SUSPICIOUS_MOVE = YES;
				CLANG_WARN_UNGUARDED_AVAILABILITY = YES_AGGRESSIVE;
				CLANG_WARN_UNREACHABLE_CODE = YES;
				CLANG_WARN__DUPLICATE_METHOD_MATCH = YES;
				CODE_SIGN_IDENTITY = "iPhone Developer";
				COPY_PHASE_STRIP = NO;
				DEBUG_INFORMATION_FORMAT = dwarf;
				ENABLE_STRICT_OBJC_MSGSEND = YES;
				ENABLE_TESTABILITY = YES;
				GCC_C_LANGUAGE_STANDARD = gnu11;
				GCC_DYNAMIC_NO_PIC = NO;
				GCC_NO_COMMON_BLOCKS = YES;
				GCC_OPTIMIZATION_LEVEL = 0;
				GCC_PREPROCESSOR_DEFINITIONS = (
					"DEBUG=1",
					"$(inherited)",
				);
				GCC_WARN_64_TO_32_BIT_CONVERSION = YES;
				GCC_WARN_ABOUT_RETURN_TYPE = YES_ERROR;
				GCC_WARN_UNDECLARED_SELECTOR = YES;
				GCC_WARN_UNINITIALIZED_AUTOS = YES_AGGRESSIVE;
				GCC_WARN_UNUSED_FUNCTION = YES;
				GCC_WARN_UNUSED_VARIABLE = YES;
				IPHONEOS_DEPLOYMENT_TARGET = 11.3;
				MTL_ENABLE_DEBUG_INFO = YES;
				ONLY_ACTIVE_ARCH = YES;
				SDKROOT = iphoneos;
				SWIFT_ACTIVE_COMPILATION_CONDITIONS = DEBUG;
				SWIFT_OPTIMIZATION_LEVEL = "-Onone";
			};
			name = Debug;
		};
		A07B436920AE064800F0F945 /* Release */ = {
			isa = XCBuildConfiguration;
			buildSettings = {
				ALWAYS_SEARCH_USER_PATHS = NO;
				CLANG_ANALYZER_NONNULL = YES;
				CLANG_ANALYZER_NUMBER_OBJECT_CONVERSION = YES_AGGRESSIVE;
				CLANG_CXX_LANGUAGE_STANDARD = "gnu++14";
				CLANG_CXX_LIBRARY = "libc++";
				CLANG_ENABLE_MODULES = YES;
				CLANG_ENABLE_OBJC_ARC = YES;
				CLANG_ENABLE_OBJC_WEAK = YES;
				CLANG_WARN_BLOCK_CAPTURE_AUTORELEASING = YES;
				CLANG_WARN_BOOL_CONVERSION = YES;
				CLANG_WARN_COMMA = YES;
				CLANG_WARN_CONSTANT_CONVERSION = YES;
				CLANG_WARN_DEPRECATED_OBJC_IMPLEMENTATIONS = YES;
				CLANG_WARN_DIRECT_OBJC_ISA_USAGE = YES_ERROR;
				CLANG_WARN_DOCUMENTATION_COMMENTS = YES;
				CLANG_WARN_EMPTY_BODY = YES;
				CLANG_WARN_ENUM_CONVERSION = YES;
				CLANG_WARN_INFINITE_RECURSION = YES;
				CLANG_WARN_INT_CONVERSION = YES;
				CLANG_WARN_NON_LITERAL_NULL_CONVERSION = YES;
				CLANG_WARN_OBJC_IMPLICIT_RETAIN_SELF = YES;
				CLANG_WARN_OBJC_LITERAL_CONVERSION = YES;
				CLANG_WARN_OBJC_ROOT_CLASS = YES_ERROR;
				CLANG_WARN_RANGE_LOOP_ANALYSIS = YES;
				CLANG_WARN_STRICT_PROTOTYPES = YES;
				CLANG_WARN_SUSPICIOUS_MOVE = YES;
				CLANG_WARN_UNGUARDED_AVAILABILITY = YES_AGGRESSIVE;
				CLANG_WARN_UNREACHABLE_CODE = YES;
				CLANG_WARN__DUPLICATE_METHOD_MATCH = YES;
				CODE_SIGN_IDENTITY = "iPhone Developer";
				COPY_PHASE_STRIP = NO;
				DEBUG_INFORMATION_FORMAT = "dwarf-with-dsym";
				ENABLE_NS_ASSERTIONS = NO;
				ENABLE_STRICT_OBJC_MSGSEND = YES;
				GCC_C_LANGUAGE_STANDARD = gnu11;
				GCC_NO_COMMON_BLOCKS = YES;
				GCC_WARN_64_TO_32_BIT_CONVERSION = YES;
				GCC_WARN_ABOUT_RETURN_TYPE = YES_ERROR;
				GCC_WARN_UNDECLARED_SELECTOR = YES;
				GCC_WARN_UNINITIALIZED_AUTOS = YES_AGGRESSIVE;
				GCC_WARN_UNUSED_FUNCTION = YES;
				GCC_WARN_UNUSED_VARIABLE = YES;
				IPHONEOS_DEPLOYMENT_TARGET = 11.3;
				MTL_ENABLE_DEBUG_INFO = NO;
				SDKROOT = iphoneos;
				SWIFT_COMPILATION_MODE = wholemodule;
				SWIFT_OPTIMIZATION_LEVEL = "-O";
				VALIDATE_PRODUCT = YES;
			};
			name = Release;
		};
		A07B436B20AE064800F0F945 /* Debug */ = {
			isa = XCBuildConfiguration;
			buildSettings = {
				ASSETCATALOG_COMPILER_APPICON_NAME = AppIcon;
				CODE_SIGN_STYLE = Automatic;
				INFOPLIST_FILE = Dispatcher/Info.plist;
				LD_RUNPATH_SEARCH_PATHS = (
					"$(inherited)",
					"@executable_path/Frameworks",
				);
				PRODUCT_BUNDLE_IDENTIFIER = mx.yellowme.Dispatcher;
				PRODUCT_NAME = "$(TARGET_NAME)";
				SWIFT_VERSION = 4.0;
				TARGETED_DEVICE_FAMILY = "1,2";
			};
			name = Debug;
		};
		A07B436C20AE064800F0F945 /* Release */ = {
			isa = XCBuildConfiguration;
			buildSettings = {
				ASSETCATALOG_COMPILER_APPICON_NAME = AppIcon;
				CODE_SIGN_STYLE = Automatic;
				INFOPLIST_FILE = Dispatcher/Info.plist;
				LD_RUNPATH_SEARCH_PATHS = (
					"$(inherited)",
					"@executable_path/Frameworks",
				);
				PRODUCT_BUNDLE_IDENTIFIER = mx.yellowme.Dispatcher;
				PRODUCT_NAME = "$(TARGET_NAME)";
				SWIFT_VERSION = 4.0;
				TARGETED_DEVICE_FAMILY = "1,2";
			};
			name = Release;
		};
/* End XCBuildConfiguration section */

/* Begin XCConfigurationList section */
		A07B435320AE064500F0F945 /* Build configuration list for PBXProject "Dispatcher" */ = {
			isa = XCConfigurationList;
			buildConfigurations = (
				A07B436820AE064800F0F945 /* Debug */,
				A07B436920AE064800F0F945 /* Release */,
			);
			defaultConfigurationIsVisible = 0;
			defaultConfigurationName = Release;
		};
		A07B436A20AE064800F0F945 /* Build configuration list for PBXNativeTarget "Dispatcher" */ = {
			isa = XCConfigurationList;
			buildConfigurations = (
				A07B436B20AE064800F0F945 /* Debug */,
				A07B436C20AE064800F0F945 /* Release */,
			);
			defaultConfigurationIsVisible = 0;
			defaultConfigurationName = Release;
		};
/* End XCConfigurationList section */
	};
	rootObject = A07B435020AE064500F0F945 /* Project object */;
}
