// !$*UTF8*$!
{
	archiveVersion = 1;
	classes = {
	};
	objectVersion = 50;
	objects = {

/* Begin PBXBuildFile section */
		72308A4DEA988ED790F22982 /* Pods_CocoaPods.framework in Frameworks */ = {isa = PBXBuildFile; fileRef = FA342AC36AA32034DA940264 /* Pods_CocoaPods.framework */; };
		A0845DD320CA19B500AC4162 /* AppDelegate.swift in Sources */ = {isa = PBXBuildFile; fileRef = A0845DD220CA19B500AC4162 /* AppDelegate.swift */; };
		A0845DD520CA19B500AC4162 /* ViewController.swift in Sources */ = {isa = PBXBuildFile; fileRef = A0845DD420CA19B500AC4162 /* ViewController.swift */; };
		A0845DD820CA19B500AC4162 /* Main.storyboard in Resources */ = {isa = PBXBuildFile; fileRef = A0845DD620CA19B500AC4162 /* Main.storyboard */; };
		A0845DDA20CA19B700AC4162 /* Assets.xcassets in Resources */ = {isa = PBXBuildFile; fileRef = A0845DD920CA19B700AC4162 /* Assets.xcassets */; };
		A0845DDD20CA19B700AC4162 /* LaunchScreen.storyboard in Resources */ = {isa = PBXBuildFile; fileRef = A0845DDB20CA19B700AC4162 /* LaunchScreen.storyboard */; };
/* End PBXBuildFile section */

/* Begin PBXFileReference section */
		A0845DCF20CA19B500AC4162 /* CocoaPods.app */ = {isa = PBXFileReference; explicitFileType = wrapper.application; includeInIndex = 0; path = CocoaPods.app; sourceTree = BUILT_PRODUCTS_DIR; };
		A0845DD220CA19B500AC4162 /* AppDelegate.swift */ = {isa = PBXFileReference; lastKnownFileType = sourcecode.swift; path = AppDelegate.swift; sourceTree = "<group>"; };
		A0845DD420CA19B500AC4162 /* ViewController.swift */ = {isa = PBXFileReference; lastKnownFileType = sourcecode.swift; path = ViewController.swift; sourceTree = "<group>"; };
		A0845DD720CA19B500AC4162 /* Base */ = {isa = PBXFileReference; lastKnownFileType = file.storyboard; name = Base; path = Base.lproj/Main.storyboard; sourceTree = "<group>"; };
		A0845DD920CA19B700AC4162 /* Assets.xcassets */ = {isa = PBXFileReference; lastKnownFileType = folder.assetcatalog; path = Assets.xcassets; sourceTree = "<group>"; };
		A0845DDC20CA19B700AC4162 /* Base */ = {isa = PBXFileReference; lastKnownFileType = file.storyboard; name = Base; path = Base.lproj/LaunchScreen.storyboard; sourceTree = "<group>"; };
		A0845DDE20CA19B700AC4162 /* Info.plist */ = {isa = PBXFileReference; lastKnownFileType = text.plist.xml; path = Info.plist; sourceTree = "<group>"; };
		EE4D48C71671F76A2E85CE11 /* Pods-CocoaPods.debug.xcconfig */ = {isa = PBXFileReference; includeInIndex = 1; lastKnownFileType = text.xcconfig; name = "Pods-CocoaPods.debug.xcconfig"; path = "Pods/Target Support Files/Pods-CocoaPods/Pods-CocoaPods.debug.xcconfig"; sourceTree = "<group>"; };
		FA342AC36AA32034DA940264 /* Pods_CocoaPods.framework */ = {isa = PBXFileReference; explicitFileType = wrapper.framework; includeInIndex = 0; path = Pods_CocoaPods.framework; sourceTree = BUILT_PRODUCTS_DIR; };
		FB379EE10A3356BA296F92FA /* Pods-CocoaPods.release.xcconfig */ = {isa = PBXFileReference; includeInIndex = 1; lastKnownFileType = text.xcconfig; name = "Pods-CocoaPods.release.xcconfig"; path = "Pods/Target Support Files/Pods-CocoaPods/Pods-CocoaPods.release.xcconfig"; sourceTree = "<group>"; };
/* End PBXFileReference section */

/* Begin PBXFrameworksBuildPhase section */
		A0845DCC20CA19B500AC4162 /* Frameworks */ = {
			isa = PBXFrameworksBuildPhase;
			buildActionMask = 2147483647;
			files = (
				72308A4DEA988ED790F22982 /* Pods_CocoaPods.framework in Frameworks */,
			);
			runOnlyForDeploymentPostprocessing = 0;
		};
/* End PBXFrameworksBuildPhase section */

/* Begin PBXGroup section */
		38AD28EF6296C1D74B160F10 /* Frameworks */ = {
			isa = PBXGroup;
			children = (
				FA342AC36AA32034DA940264 /* Pods_CocoaPods.framework */,
			);
			name = Frameworks;
			sourceTree = "<group>";
		};
		A0845DC620CA19B500AC4162 = {
			isa = PBXGroup;
			children = (
				A0845DD120CA19B500AC4162 /* CocoaPods */,
				A0845DD020CA19B500AC4162 /* Products */,
				E4D286801BC54D45F476F906 /* Pods */,
				38AD28EF6296C1D74B160F10 /* Frameworks */,
			);
			sourceTree = "<group>";
		};
		A0845DD020CA19B500AC4162 /* Products */ = {
			isa = PBXGroup;
			children = (
				A0845DCF20CA19B500AC4162 /* CocoaPods.app */,
			);
			name = Products;
			sourceTree = "<group>";
		};
		A0845DD120CA19B500AC4162 /* CocoaPods */ = {
			isa = PBXGroup;
			children = (
				A0845DD220CA19B500AC4162 /* AppDelegate.swift */,
				A0845DD420CA19B500AC4162 /* ViewController.swift */,
				A0845DD620CA19B500AC4162 /* Main.storyboard */,
				A0845DD920CA19B700AC4162 /* Assets.xcassets */,
				A0845DDB20CA19B700AC4162 /* LaunchScreen.storyboard */,
				A0845DDE20CA19B700AC4162 /* Info.plist */,
			);
			path = CocoaPods;
			sourceTree = "<group>";
		};
		E4D286801BC54D45F476F906 /* Pods */ = {
			isa = PBXGroup;
			children = (
				EE4D48C71671F76A2E85CE11 /* Pods-CocoaPods.debug.xcconfig */,
				FB379EE10A3356BA296F92FA /* Pods-CocoaPods.release.xcconfig */,
			);
			name = Pods;
			sourceTree = "<group>";
		};
/* End PBXGroup section */

/* Begin PBXNativeTarget section */
		A0845DCE20CA19B500AC4162 /* CocoaPods */ = {
			isa = PBXNativeTarget;
			buildConfigurationList = A0845DE120CA19B700AC4162 /* Build configuration list for PBXNativeTarget "CocoaPods" */;
			buildPhases = (
				B3B1EEA5BE190DE374974D7C /* [CP] Check Pods Manifest.lock */,
				A0845DCB20CA19B500AC4162 /* Sources */,
				A0845DCC20CA19B500AC4162 /* Frameworks */,
				A0845DCD20CA19B500AC4162 /* Resources */,
				7D26AE19BB1236121367A937 /* [CP] Embed Pods Frameworks */,
			);
			buildRules = (
			);
			dependencies = (
			);
			name = CocoaPods;
			productName = CocoaPods;
			productReference = A0845DCF20CA19B500AC4162 /* CocoaPods.app */;
			productType = "com.apple.product-type.application";
		};
/* End PBXNativeTarget section */

/* Begin PBXProject section */
		A0845DC720CA19B500AC4162 /* Project object */ = {
			isa = PBXProject;
			attributes = {
				LastSwiftUpdateCheck = 0940;
				LastUpgradeCheck = 0940;
				ORGANIZATIONNAME = Yellowme;
				TargetAttributes = {
					A0845DCE20CA19B500AC4162 = {
						CreatedOnToolsVersion = 9.4;
					};
				};
			};
			buildConfigurationList = A0845DCA20CA19B500AC4162 /* Build configuration list for PBXProject "CocoaPods" */;
			compatibilityVersion = "Xcode 9.3";
			developmentRegion = en;
			hasScannedForEncodings = 0;
			knownRegions = (
				en,
				Base,
			);
			mainGroup = A0845DC620CA19B500AC4162;
			productRefGroup = A0845DD020CA19B500AC4162 /* Products */;
			projectDirPath = "";
			projectRoot = "";
			targets = (
				A0845DCE20CA19B500AC4162 /* CocoaPods */,
			);
		};
/* End PBXProject section */

/* Begin PBXResourcesBuildPhase section */
		A0845DCD20CA19B500AC4162 /* Resources */ = {
			isa = PBXResourcesBuildPhase;
			buildActionMask = 2147483647;
			files = (
				A0845DDD20CA19B700AC4162 /* LaunchScreen.storyboard in Resources */,
				A0845DDA20CA19B700AC4162 /* Assets.xcassets in Resources */,
				A0845DD820CA19B500AC4162 /* Main.storyboard in Resources */,
			);
			runOnlyForDeploymentPostprocessing = 0;
		};
/* End PBXResourcesBuildPhase section */

/* Begin PBXShellScriptBuildPhase section */
		7D26AE19BB1236121367A937 /* [CP] Embed Pods Frameworks */ = {
			isa = PBXShellScriptBuildPhase;
			buildActionMask = 2147483647;
			files = (
			);
			inputPaths = (
				"${SRCROOT}/Pods/Target Support Files/Pods-CocoaPods/Pods-CocoaPods-frameworks.sh",
				"${BUILT_PRODUCTS_DIR}/Bugle/Bugle.framework",
			);
			name = "[CP] Embed Pods Frameworks";
			outputPaths = (
				"${TARGET_BUILD_DIR}/${FRAMEWORKS_FOLDER_PATH}/Bugle.framework",
			);
			runOnlyForDeploymentPostprocessing = 0;
			shellPath = /bin/sh;
			shellScript = "\"${SRCROOT}/Pods/Target Support Files/Pods-CocoaPods/Pods-CocoaPods-frameworks.sh\"\n";
			showEnvVarsInLog = 0;
		};
		B3B1EEA5BE190DE374974D7C /* [CP] Check Pods Manifest.lock */ = {
			isa = PBXShellScriptBuildPhase;
			buildActionMask = 2147483647;
			files = (
			);
			inputPaths = (
				"${PODS_PODFILE_DIR_PATH}/Podfile.lock",
				"${PODS_ROOT}/Manifest.lock",
			);
			name = "[CP] Check Pods Manifest.lock";
			outputPaths = (
				"$(DERIVED_FILE_DIR)/Pods-CocoaPods-checkManifestLockResult.txt",
			);
			runOnlyForDeploymentPostprocessing = 0;
			shellPath = /bin/sh;
			shellScript = "diff \"${PODS_PODFILE_DIR_PATH}/Podfile.lock\" \"${PODS_ROOT}/Manifest.lock\" > /dev/null\nif [ $? != 0 ] ; then\n    # print error to STDERR\n    echo \"error: The sandbox is not in sync with the Podfile.lock. Run 'pod install' or update your CocoaPods installation.\" >&2\n    exit 1\nfi\n# This output is used by Xcode 'outputs' to avoid re-running this script phase.\necho \"SUCCESS\" > \"${SCRIPT_OUTPUT_FILE_0}\"\n";
			showEnvVarsInLog = 0;
		};
/* End PBXShellScriptBuildPhase section */

/* Begin PBXSourcesBuildPhase section */
		A0845DCB20CA19B500AC4162 /* Sources */ = {
			isa = PBXSourcesBuildPhase;
			buildActionMask = 2147483647;
			files = (
				A0845DD520CA19B500AC4162 /* ViewController.swift in Sources */,
				A0845DD320CA19B500AC4162 /* AppDelegate.swift in Sources */,
			);
			runOnlyForDeploymentPostprocessing = 0;
		};
/* End PBXSourcesBuildPhase section */

/* Begin PBXVariantGroup section */
		A0845DD620CA19B500AC4162 /* Main.storyboard */ = {
			isa = PBXVariantGroup;
			children = (
				A0845DD720CA19B500AC4162 /* Base */,
			);
			name = Main.storyboard;
			sourceTree = "<group>";
		};
		A0845DDB20CA19B700AC4162 /* LaunchScreen.storyboard */ = {
			isa = PBXVariantGroup;
			children = (
				A0845DDC20CA19B700AC4162 /* Base */,
			);
			name = LaunchScreen.storyboard;
			sourceTree = "<group>";
		};
/* End PBXVariantGroup section */

/* Begin XCBuildConfiguration section */
		A0845DDF20CA19B700AC4162 /* Debug */ = {
			isa = XCBuildConfiguration;
			buildSettings = {
				ALWAYS_SEARCH_USER_PATHS = NO;
				CLANG_ANALYZER_NONNULL = YES;
				CLANG_ANALYZER_NUMBER_OBJECT_CONVERSION = YES_AGGRESSIVE;
				CLANG_CXX_LANGUAGE_STANDARD = "gnu++14";
				CLANG_CXX_LIBRARY = "libc++";
				CLANG_ENABLE_MODULES = YES;
				CLANG_ENABLE_OBJC_ARC = YES;
				CLANG_ENABLE_OBJC_WEAK = YES;
				CLANG_WARN_BLOCK_CAPTURE_AUTORELEASING = YES;
				CLANG_WARN_BOOL_CONVERSION = YES;
				CLANG_WARN_COMMA = YES;
				CLANG_WARN_CONSTANT_CONVERSION = YES;
				CLANG_WARN_DEPRECATED_OBJC_IMPLEMENTATIONS = YES;
				CLANG_WARN_DIRECT_OBJC_ISA_USAGE = YES_ERROR;
				CLANG_WARN_DOCUMENTATION_COMMENTS = YES;
				CLANG_WARN_EMPTY_BODY = YES;
				CLANG_WARN_ENUM_CONVERSION = YES;
				CLANG_WARN_INFINITE_RECURSION = YES;
				CLANG_WARN_INT_CONVERSION = YES;
				CLANG_WARN_NON_LITERAL_NULL_CONVERSION = YES;
				CLANG_WARN_OBJC_IMPLICIT_RETAIN_SELF = YES;
				CLANG_WARN_OBJC_LITERAL_CONVERSION = YES;
				CLANG_WARN_OBJC_ROOT_CLASS = YES_ERROR;
				CLANG_WARN_RANGE_LOOP_ANALYSIS = YES;
				CLANG_WARN_STRICT_PROTOTYPES = YES;
				CLANG_WARN_SUSPICIOUS_MOVE = YES;
				CLANG_WARN_UNGUARDED_AVAILABILITY = YES_AGGRESSIVE;
				CLANG_WARN_UNREACHABLE_CODE = YES;
				CLANG_WARN__DUPLICATE_METHOD_MATCH = YES;
				CODE_SIGN_IDENTITY = "iPhone Developer";
				COPY_PHASE_STRIP = NO;
				DEBUG_INFORMATION_FORMAT = dwarf;
				ENABLE_STRICT_OBJC_MSGSEND = YES;
				ENABLE_TESTABILITY = YES;
				GCC_C_LANGUAGE_STANDARD = gnu11;
				GCC_DYNAMIC_NO_PIC = NO;
				GCC_NO_COMMON_BLOCKS = YES;
				GCC_OPTIMIZATION_LEVEL = 0;
				GCC_PREPROCESSOR_DEFINITIONS = (
					"DEBUG=1",
					"$(inherited)",
				);
				GCC_WARN_64_TO_32_BIT_CONVERSION = YES;
				GCC_WARN_ABOUT_RETURN_TYPE = YES_ERROR;
				GCC_WARN_UNDECLARED_SELECTOR = YES;
				GCC_WARN_UNINITIALIZED_AUTOS = YES_AGGRESSIVE;
				GCC_WARN_UNUSED_FUNCTION = YES;
				GCC_WARN_UNUSED_VARIABLE = YES;
				IPHONEOS_DEPLOYMENT_TARGET = 11.4;
				MTL_ENABLE_DEBUG_INFO = YES;
				ONLY_ACTIVE_ARCH = YES;
				SDKROOT = iphoneos;
				SWIFT_ACTIVE_COMPILATION_CONDITIONS = DEBUG;
				SWIFT_OPTIMIZATION_LEVEL = "-Onone";
			};
			name = Debug;
		};
		A0845DE020CA19B700AC4162 /* Release */ = {
			isa = XCBuildConfiguration;
			buildSettings = {
				ALWAYS_SEARCH_USER_PATHS = NO;
				CLANG_ANALYZER_NONNULL = YES;
				CLANG_ANALYZER_NUMBER_OBJECT_CONVERSION = YES_AGGRESSIVE;
				CLANG_CXX_LANGUAGE_STANDARD = "gnu++14";
				CLANG_CXX_LIBRARY = "libc++";
				CLANG_ENABLE_MODULES = YES;
				CLANG_ENABLE_OBJC_ARC = YES;
				CLANG_ENABLE_OBJC_WEAK = YES;
				CLANG_WARN_BLOCK_CAPTURE_AUTORELEASING = YES;
				CLANG_WARN_BOOL_CONVERSION = YES;
				CLANG_WARN_COMMA = YES;
				CLANG_WARN_CONSTANT_CONVERSION = YES;
				CLANG_WARN_DEPRECATED_OBJC_IMPLEMENTATIONS = YES;
				CLANG_WARN_DIRECT_OBJC_ISA_USAGE = YES_ERROR;
				CLANG_WARN_DOCUMENTATION_COMMENTS = YES;
				CLANG_WARN_EMPTY_BODY = YES;
				CLANG_WARN_ENUM_CONVERSION = YES;
				CLANG_WARN_INFINITE_RECURSION = YES;
				CLANG_WARN_INT_CONVERSION = YES;
				CLANG_WARN_NON_LITERAL_NULL_CONVERSION = YES;
				CLANG_WARN_OBJC_IMPLICIT_RETAIN_SELF = YES;
				CLANG_WARN_OBJC_LITERAL_CONVERSION = YES;
				CLANG_WARN_OBJC_ROOT_CLASS = YES_ERROR;
				CLANG_WARN_RANGE_LOOP_ANALYSIS = YES;
				CLANG_WARN_STRICT_PROTOTYPES = YES;
				CLANG_WARN_SUSPICIOUS_MOVE = YES;
				CLANG_WARN_UNGUARDED_AVAILABILITY = YES_AGGRESSIVE;
				CLANG_WARN_UNREACHABLE_CODE = YES;
				CLANG_WARN__DUPLICATE_METHOD_MATCH = YES;
				CODE_SIGN_IDENTITY = "iPhone Developer";
				COPY_PHASE_STRIP = NO;
				DEBUG_INFORMATION_FORMAT = "dwarf-with-dsym";
				ENABLE_NS_ASSERTIONS = NO;
				ENABLE_STRICT_OBJC_MSGSEND = YES;
				GCC_C_LANGUAGE_STANDARD = gnu11;
				GCC_NO_COMMON_BLOCKS = YES;
				GCC_WARN_64_TO_32_BIT_CONVERSION = YES;
				GCC_WARN_ABOUT_RETURN_TYPE = YES_ERROR;
				GCC_WARN_UNDECLARED_SELECTOR = YES;
				GCC_WARN_UNINITIALIZED_AUTOS = YES_AGGRESSIVE;
				GCC_WARN_UNUSED_FUNCTION = YES;
				GCC_WARN_UNUSED_VARIABLE = YES;
				IPHONEOS_DEPLOYMENT_TARGET = 11.4;
				MTL_ENABLE_DEBUG_INFO = NO;
				SDKROOT = iphoneos;
				SWIFT_COMPILATION_MODE = wholemodule;
				SWIFT_OPTIMIZATION_LEVEL = "-O";
				VALIDATE_PRODUCT = YES;
			};
			name = Release;
		};
		A0845DE220CA19B700AC4162 /* Debug */ = {
			isa = XCBuildConfiguration;
			baseConfigurationReference = EE4D48C71671F76A2E85CE11 /* Pods-CocoaPods.debug.xcconfig */;
			buildSettings = {
				ASSETCATALOG_COMPILER_APPICON_NAME = AppIcon;
				CODE_SIGN_STYLE = Automatic;
				INFOPLIST_FILE = CocoaPods/Info.plist;
				LD_RUNPATH_SEARCH_PATHS = (
					"$(inherited)",
					"@executable_path/Frameworks",
				);
				PRODUCT_BUNDLE_IDENTIFIER = mx.yellowme.CocoaPods;
				PRODUCT_NAME = "$(TARGET_NAME)";
				SWIFT_VERSION = 4.0;
				TARGETED_DEVICE_FAMILY = "1,2";
			};
			name = Debug;
		};
		A0845DE320CA19B700AC4162 /* Release */ = {
			isa = XCBuildConfiguration;
			baseConfigurationReference = FB379EE10A3356BA296F92FA /* Pods-CocoaPods.release.xcconfig */;
			buildSettings = {
				ASSETCATALOG_COMPILER_APPICON_NAME = AppIcon;
				CODE_SIGN_STYLE = Automatic;
				INFOPLIST_FILE = CocoaPods/Info.plist;
				LD_RUNPATH_SEARCH_PATHS = (
					"$(inherited)",
					"@executable_path/Frameworks",
				);
				PRODUCT_BUNDLE_IDENTIFIER = mx.yellowme.CocoaPods;
				PRODUCT_NAME = "$(TARGET_NAME)";
				SWIFT_VERSION = 4.0;
				TARGETED_DEVICE_FAMILY = "1,2";
			};
			name = Release;
		};
/* End XCBuildConfiguration section */

/* Begin XCConfigurationList section */
		A0845DCA20CA19B500AC4162 /* Build configuration list for PBXProject "CocoaPods" */ = {
			isa = XCConfigurationList;
			buildConfigurations = (
				A0845DDF20CA19B700AC4162 /* Debug */,
				A0845DE020CA19B700AC4162 /* Release */,
			);
			defaultConfigurationIsVisible = 0;
			defaultConfigurationName = Release;
		};
		A0845DE120CA19B700AC4162 /* Build configuration list for PBXNativeTarget "CocoaPods" */ = {
			isa = XCConfigurationList;
			buildConfigurations = (
				A0845DE220CA19B700AC4162 /* Debug */,
				A0845DE320CA19B700AC4162 /* Release */,
			);
			defaultConfigurationIsVisible = 0;
			defaultConfigurationName = Release;
		};
/* End XCConfigurationList section */
	};
	rootObject = A0845DC720CA19B500AC4162 /* Project object */;
}
